
Microsoft Visual Studio Solution File, Format Version 12.00
# Visual Studio Version 17
VisualStudioVersion = 17.10.35027.167
MinimumVisualStudioVersion = 10.0.40219.1
Project("{9092AA53-FB77-4645-B42D-1CCCA6BD08BD}") = "nodejs_backend", "nodejs_backend.njsproj", "{17DCA05B-DE9A-402B-BAFD-42223C8C6084}"
EndProject
Global
	GlobalSection(SolutionConfigurationPlatforms) = preSolution
		Debug|Any CPU = Debug|Any CPU
		Release|Any CPU = Release|Any CPU
	EndGlobalSection
	GlobalSection(ProjectConfigurationPlatforms) = postSolution
		{17DCA05B-DE9A-402B-BAFD-42223C8C6084}.Debug|Any CPU.ActiveCfg = Debug|Any CPU
		{17DCA05B-DE9A-402B-BAFD-42223C8C6084}.Debug|Any CPU.Build.0 = Debug|Any CPU
		{17DCA05B-DE9A-402B-BAFD-42223C8C6084}.Release|Any CPU.ActiveCfg = Release|Any CPU
		{17DCA05B-DE9A-402B-BAFD-42223C8C6084}.Release|Any CPU.Build.0 = Release|Any CPU
	EndGlobalSection
	GlobalSection(SolutionProperties) = preSolution
		HideSolutionNode = FALSE
	EndGlobalSection
	GlobalSection(ExtensibilityGlobals) = postSolution
		SolutionGuid = {5B451122-B6FC-46A7-8EF1-70BCD077662D}
	EndGlobalSection
EndGlobal
